Microsoft Visual Studio Solution File, Format Version 12.00
# Visual Studio Version 17
VisualStudioVersion = 17.5.2.0
MinimumVisualStudioVersion = 10.0.40219.1
Project("{FAE04EC0-301F-11D3-BF4B-00C04F79EFBC}") = "JokerDBDTracker", "JokerDBDTracker.csproj", "{9BB2F8DE-DEAA-E4B3-FE37-8E2F567C5E26}"
EndProject
Global
	GlobalSection(SolutionConfigurationPlatforms) = preSolution
		Debug|Any CPU = Debug|Any CPU
		Release|Any CPU = Release|Any CPU
	EndGlobalSection
	GlobalSection(ProjectConfigurationPlatforms) = postSolution
		{9BB2F8DE-DEAA-E4B3-FE37-8E2F567C5E26}.Debug|Any CPU.ActiveCfg = Debug|Any CPU
		{9BB2F8DE-DEAA-E4B3-FE37-8E2F567C5E26}.Debug|Any CPU.Build.0 = Debug|Any CPU
		{9BB2F8DE-DEAA-E4B3-FE37-8E2F567C5E26}.Release|Any CPU.ActiveCfg = Release|Any CPU
		{9BB2F8DE-DEAA-E4B3-FE37-8E2F567C5E26}.Release|Any CPU.Build.0 = Release|Any CPU
	EndGlobalSection
	GlobalSection(SolutionProperties) = preSolution
		HideSolutionNode = FALSE
	EndGlobalSection
	GlobalSection(ExtensibilityGlobals) = postSolution
		SolutionGuid = {17F80EB1-B516-4FE7-9F82-223A817A35C0}
	EndGlobalSection
EndGlobal
